// !$*UTF8*$!
{
	archiveVersion = 1;
	classes = {
	};
	objectVersion = 56;
	objects = {

/* Begin PBXBuildFile section */
		1A2B3C4D5E6F7890 /* BookshelfScannerApp.swift in Sources */ = {isa = PBXBuildFile; fileRef = 1A2B3C4D5E6F7891 /* BookshelfScannerApp.swift */; };
		1A2B3C4D5E6F7892 /* AppDelegate.swift in Sources */ = {isa = PBXBuildFile; fileRef = 1A2B3C4D5E6F7893 /* AppDelegate.swift */; };
		1A2B3C4D5E6F7894 /* ContentView.swift in Sources */ = {isa = PBXBuildFile; fileRef = 1A2B3C4D5E6F7895 /* ContentView.swift */; };
		1A2B3C4D5E6F7896 /* AuthService.swift in Sources */ = {isa = PBXBuildFile; fileRef = 1A2B3C4D5E6F7897 /* AuthService.swift */; };
		1A2B3C4D5E6F7898 /* BookViewModel.swift in Sources */ = {isa = PBXBuildFile; fileRef = 1A2B3C4D5E6F7899 /* BookViewModel.swift */; };
		1A2B3C4D5E6F78A0 /* CameraView.swift in Sources */ = {isa = PBXBuildFile; fileRef = 1A2B3C4D5E6F78A1 /* CameraView.swift */; };
		1A2B3C4D5E6F78A2 /* LoginView.swift in Sources */ = {isa = PBXBuildFile; fileRef = 1A2B3C4D5E6F78A3 /* LoginView.swift */; };
		1A2B3C4D5E6F78A4 /* LibraryView.swift in Sources */ = {isa = PBXBuildFile; fileRef = 1A2B3C4D5E6F78A5 /* LibraryView.swift */; };
		1A2B3C4D5E6F78A6 /* RecommendationsView.swift in Sources */ = {isa = PBXBuildFile; fileRef = 1A2B3C4D5E6F78A7 /* RecommendationsView.swift */; };
		1A2B3C4D5E6F78A8 /* ProfileView.swift in Sources */ = {isa = PBXBuildFile; fileRef = 1A2B3C4D5E6F78A9 /* ProfileView.swift */; };
		1A2B3C4D5E6F78B0 /* GeminiAPIService.swift in Sources */ = {isa = PBXBuildFile; fileRef = 1A2B3C4D5E6F78B1 /* GeminiAPIService.swift */; };
		1A2B3C4D5E6F78B2 /* GoogleBooksAPIService.swift in Sources */ = {isa = PBXBuildFile; fileRef = 1A2B3C4D5E6F78B3 /* GoogleBooksAPIService.swift */; };
		1A2B3C4D5E6F78B4 /* FirebaseConfig.swift in Sources */ = {isa = PBXBuildFile; fileRef = 1A2B3C4D5E6F78B5 /* FirebaseConfig.swift */; };
		1A2B3C4D5E6F78B6 /* Book.swift in Sources */ = {isa = PBXBuildFile; fileRef = 1A2B3C4D5E6F78B7 /* Book.swift */; };
		1A2B3C4D5E6F78B8 /* SecureConfig.swift in Sources */ = {isa = PBXBuildFile; fileRef = 1A2B3C4D5E6F78B9 /* SecureConfig.swift */; };
		1A2B3C4D5E6F78C0 /* Info.plist in Resources */ = {isa = PBXBuildFile; fileRef = 1A2B3C4D5E6F78C1 /* Info.plist */; };
		1A2B3C4D5E6F78C2 /* GoogleService-Info.plist in Resources */ = {isa = PBXBuildFile; fileRef = 1A2B3C4D5E6F78C3 /* GoogleService-Info.plist */; };
/* End PBXBuildFile section */

/* Begin PBXFileReference section */
		1A2B3C4D5E6F7891 /* BookshelfScannerApp.swift */ = {isa = PBXFileReference; lastKnownFileType = sourcecode.swift; path = BookshelfScannerApp.swift; sourceTree = "<group>"; };
		1A2B3C4D5E6F7893 /* AppDelegate.swift */ = {isa = PBXFileReference; lastKnownFileType = sourcecode.swift; path = AppDelegate.swift; sourceTree = "<group>"; };
		1A2B3C4D5E6F7895 /* ContentView.swift */ = {isa = PBXFileReference; lastKnownFileType = sourcecode.swift; path = ContentView.swift; sourceTree = "<group>"; };
		1A2B3C4D5E6F7897 /* AuthService.swift */ = {isa = PBXFileReference; lastKnownFileType = sourcecode.swift; path = AuthService.swift; sourceTree = "<group>"; };
		1A2B3C4D5E6F7899 /* BookViewModel.swift */ = {isa = PBXFileReference; lastKnownFileType = sourcecode.swift; path = BookViewModel.swift; sourceTree = "<group>"; };
		1A2B3C4D5E6F78A1 /* CameraView.swift */ = {isa = PBXFileReference; lastKnownFileType = sourcecode.swift; path = CameraView.swift; sourceTree = "<group>"; };
		1A2B3C4D5E6F78A3 /* LoginView.swift */ = {isa = PBXFileReference; lastKnownFileType = sourcecode.swift; path = LoginView.swift; sourceTree = "<group>"; };
		1A2B3C4D5E6F78A5 /* LibraryView.swift */ = {isa = PBXFileReference; lastKnownFileType = sourcecode.swift; path = LibraryView.swift; sourceTree = "<group>"; };
		1A2B3C4D5E6F78A7 /* RecommendationsView.swift */ = {isa = PBXFileReference; lastKnownFileType = sourcecode.swift; path = RecommendationsView.swift; sourceTree = "<group>"; };
		1A2B3C4D5E6F78A9 /* ProfileView.swift */ = {isa = PBXFileReference; lastKnownFileType = sourcecode.swift; path = ProfileView.swift; sourceTree = "<group>"; };
		1A2B3C4D5E6F78B1 /* GeminiAPIService.swift */ = {isa = PBXFileReference; lastKnownFileType = sourcecode.swift; path = GeminiAPIService.swift; sourceTree = "<group>"; };
		1A2B3C4D5E6F78B3 /* GoogleBooksAPIService.swift */ = {isa = PBXFileReference; lastKnownFileType = sourcecode.swift; path = GoogleBooksAPIService.swift; sourceTree = "<group>"; };
		1A2B3C4D5E6F78B5 /* FirebaseConfig.swift */ = {isa = PBXFileReference; lastKnownFileType = sourcecode.swift; path = FirebaseConfig.swift; sourceTree = "<group>"; };
		1A2B3C4D5E6F78B7 /* Book.swift */ = {isa = PBXFileReference; lastKnownFileType = sourcecode.swift; path = Book.swift; sourceTree = "<group>"; };
		1A2B3C4D5E6F78B9 /* SecureConfig.swift */ = {isa = PBXFileReference; lastKnownFileType = sourcecode.swift; path = SecureConfig.swift; sourceTree = "<group>"; };
		1A2B3C4D5E6F78C1 /* Info.plist */ = {isa = PBXFileReference; lastKnownFileType = text.plist.xml; path = Resources/Info.plist; sourceTree = "<group>"; };
		1A2B3C4D5E6F78C3 /* GoogleService-Info.plist */ = {isa = PBXFileReference; lastKnownFileType = text.plist.xml; path = GoogleService-Info.plist; sourceTree = "<group>"; };
		1A2B3C4D5E6F78D0 /* BookshelfScanner.app */ = {isa = PBXFileReference; explicitFileType = wrapper.application; includeInIndex = 0; path = BookshelfScanner.app; sourceTree = BUILT_PRODUCTS_DIR; };
/* End PBXFileReference section */

/* Begin PBXFrameworksBuildPhase section */
		1A2B3C4D5E6F78E0 /* Frameworks */ = {
			isa = PBXFrameworksBuildPhase;
			buildActionMask = 2147483647;
			files = (
			);
			runOnlyForDeploymentPostprocessing = 0;
		};
/* End PBXFrameworksBuildPhase section */

/* Begin PBXGroup section */
		1A2B3C4D5E6F78F0 /* BookshelfScanner */ = {
			isa = PBXGroup;
			children = (
				1A2B3C4D5E6F7900 /* Sources */,
				1A2B3C4D5E6F7910 /* Resources */,
				1A2B3C4D5E6F78D0 /* Products */,
			);
			sourceTree = "<group>";
		};
		1A2B3C4D5E6F78D0 /* Products */ = {
			isa = PBXGroup;
			children = (
				1A2B3C4D5E6F78D0 /* BookshelfScanner.app */,
			);
			name = Products;
			sourceTree = "<group>";
		};
		1A2B3C4D5E6F7900 /* Sources */ = {
			isa = PBXGroup;
			children = (
				1A2B3C4D5E6F7891 /* BookshelfScannerApp.swift */,
				1A2B3C4D5E6F7893 /* AppDelegate.swift */,
				1A2B3C4D5E6F7895 /* ContentView.swift */,
				1A2B3C4D5E6F7897 /* AuthService.swift */,
				1A2B3C4D5E6F7899 /* BookViewModel.swift */,
				1A2B3C4D5E6F78A1 /* CameraView.swift */,
				1A2B3C4D5E6F78A3 /* LoginView.swift */,
				1A2B3C4D5E6F78A5 /* LibraryView.swift */,
				1A2B3C4D5E6F78A7 /* RecommendationsView.swift */,
				1A2B3C4D5E6F78A9 /* ProfileView.swift */,
				1A2B3C4D5E6F78B1 /* GeminiAPIService.swift */,
				1A2B3C4D5E6F78B3 /* GoogleBooksAPIService.swift */,
				1A2B3C4D5E6F78B5 /* FirebaseConfig.swift */,
				1A2B3C4D5E6F78B7 /* Book.swift */,
				1A2B3C4D5E6F78B9 /* SecureConfig.swift */,
			);
			path = Sources;
			sourceTree = "<group>";
		};
		1A2B3C4D5E6F7910 /* Resources */ = {
			isa = PBXGroup;
			children = (
				1A2B3C4D5E6F78C1 /* Info.plist */,
				1A2B3C4D5E6F78C3 /* GoogleService-Info.plist */,
			);
			path = Resources;
			sourceTree = "<group>";
		};
/* End PBXGroup section */

/* Begin PBXNativeTarget section */
		1A2B3C4D5E6F7920 /* BookshelfScanner */ = {
			isa = PBXNativeTarget;
			buildConfigurationList = 1A2B3C4D5E6F7930 /* Build configuration list for PBXNativeTarget "BookshelfScanner" */;
			buildPhases = (
				1A2B3C4D5E6F7940 /* Sources */,
				1A2B3C4D5E6F7950 /* Frameworks */,
				1A2B3C4D5E6F7960 /* Resources */,
			);
			buildRules = (
			);
			dependencies = (
			);
			name = BookshelfScanner;
			productName = BookshelfScanner;
			productReference = 1A2B3C4D5E6F78D0 /* BookshelfScanner.app */;
			productType = "com.apple.product-type.application";
		};
/* End PBXNativeTarget section */

/* Begin PBXProject section */
		1A2B3C4D5E6F7970 /* Project object */ = {
			isa = PBXProject;
			attributes = {
				BuildIndependentTargetsInParallel = 1;
				LastSwiftUpdateCheck = 1500;
				LastUpgradeCheck = 1500;
				TargetAttributes = {
					1A2B3C4D5E6F7920 = {
						CreatedOnToolsVersion = 15.0;
					};
				};
			};
			buildConfigurationList = 1A2B3C4D5E6F7980 /* Build configuration list for PBXProject "BookshelfScanner" */;
			compatibilityVersion = "Xcode 14.0";
			developmentRegion = en;
			hasScannedForEncodings = 0;
			knownRegions = (
				en,
				Base,
			);
			mainGroup = 1A2B3C4D5E6F78F0;
			productRefGroup = 1A2B3C4D5E6F78D0 /* Products */;
			projectDirPath = "";
			projectRoot = "";
			targets = (
				1A2B3C4D5E6F7920 /* BookshelfScanner */,
			);
		};
/* End PBXProject section */

/* Begin PBXResourcesBuildPhase section */
		1A2B3C4D5E6F7960 /* Resources */ = {
			isa = PBXResourcesBuildPhase;
			buildActionMask = 2147483647;
			files = (
				1A2B3C4D5E6F78C0 /* Info.plist in Resources */,
				1A2B3C4D5E6F78C2 /* GoogleService-Info.plist in Resources */,
			);
			runOnlyForDeploymentPostprocessing = 0;
		};
/* End PBXResourcesBuildPhase section */

/* Begin PBXSourcesBuildPhase section */
		1A2B3C4D5E6F7940 /* Sources */ = {
			isa = PBXSourcesBuildPhase;
			buildActionMask = 2147483647;
			files = (
				1A2B3C4D5E6F7890 /* BookshelfScannerApp.swift in Sources */,
				1A2B3C4D5E6F7892 /* AppDelegate.swift in Sources */,
				1A2B3C4D5E6F7894 /* ContentView.swift in Sources */,
				1A2B3C4D5E6F7896 /* AuthService.swift in Sources */,
				1A2B3C4D5E6F7898 /* BookViewModel.swift in Sources */,
				1A2B3C4D5E6F78A0 /* CameraView.swift in Sources */,
				1A2B3C4D5E6F78A2 /* LoginView.swift in Sources */,
				1A2B3C4D5E6F78A4 /* LibraryView.swift in Sources */,
				1A2B3C4D5E6F78A6 /* RecommendationsView.swift in Sources */,
				1A2B3C4D5E6F78A8 /* ProfileView.swift in Sources */,
				1A2B3C4D5E6F78B0 /* GeminiAPIService.swift in Sources */,
				1A2B3C4D5E6F78B2 /* GoogleBooksAPIService.swift in Sources */,
				1A2B3C4D5E6F78B4 /* FirebaseConfig.swift in Sources */,
				1A2B3C4D5E6F78B6 /* Book.swift in Sources */,
				1A2B3C4D5E6F78B8 /* SecureConfig.swift in Sources */,
			);
			runOnlyForDeploymentPostprocessing = 0;
		};
/* End PBXSourcesBuildPhase section */

/* Begin XCBuildConfiguration section */
		1A2B3C4D5E6F7990 /* Debug */ = {
			isa = XCBuildConfiguration;
			buildSettings = {
				ALWAYS_SEARCH_USER_PATHS = NO;
				CLANG_ANALYZER_NONNULL = YES;
				CLANG_ANALYZER_NUMBER_OBJECT_CONVERSION = YES_AGGRESSIVE;
				CLANG_CXX_LANGUAGE_STANDARD = "gnu++20";
				CLANG_CXX_LIBRARY = "libc++";
				CLANG_ENABLE_MODULES = YES;
				CLANG_ENABLE_OBJC_ARC = YES;
				CLANG_ENABLE_OBJC_WEAK = YES;
				CLANG_WARN_BLOCK_CAPTURE_AUTORELEASING = YES;
				CLANG_WARN_BOOL_CONVERSION = YES;
				CLANG_WARN_COMMA = YES;
				CLANG_WARN_CONSTANT_CONVERSION = YES;
				CLANG_WARN_DEPRECATED_OBJC_IMPLEMENTATIONS = YES;
				CLANG_WARN_DIRECT_OBJC_ISA_USAGE = YES_ERROR;
				CLANG_WARN_DOCUMENTATION_COMMENTS = YES;
				CLANG_WARN_EMPTY_BODY = YES;
				CLANG_WARN_ENUM_CONVERSION = YES;
				CLANG_WARN_INFINITE_RECURSION = YES;
				CLANG_WARN_INT_CONVERSION = YES;
				CLANG_WARN_NON_LITERAL_NULL_CONVERSION = YES;
				CLANG_WARN_OBJC_IMPLICIT_RETAIN_SELF = YES;
				CLANG_WARN_OBJC_LITERAL_CONVERSION = YES;
				CLANG_WARN_OBJC_ROOT_CLASS = YES_ERROR;
				CLANG_WARN_QUOTED_INCLUDE_IN_FRAMEWORK_HEADER = YES;
				CLANG_WARN_RANGE_LOOP_ANALYSIS = YES;
				CLANG_WARN_STRICT_PROTOTYPES = YES;
				CLANG_WARN_SUSPICIOUS_MOVE = YES;
				CLANG_WARN_UNGUARDED_AVAILABILITY = YES_AGGRESSIVE;
				CLANG_WARN_UNREACHABLE_CODE = YES;
				CLANG_WARN__DUPLICATE_METHOD_MATCH = YES;
				COPY_PHASE_STRIP = NO;
				DEAD_CODE_STRIPPING = YES;
				DEBUG_INFORMATION_FORMAT = dwarf;
				ENABLE_STRICT_OBJC_MSGSEND = YES;
				ENABLE_TESTABILITY = YES;
				GCC_C_LANGUAGE_STANDARD = gnu11;
				GCC_DYNAMIC_NO_PIC = NO;
				GCC_NO_COMMON_BLOCKS = YES;
				GCC_OPTIMIZATION_LEVEL = 0;
				GCC_PREPROCESSOR_DEFINITIONS = (
					"DEBUG=1",
					"$(inherited)",
				);
				GCC_WARN_64_TO_32_BIT_CONVERSION = YES;
				GCC_WARN_ABOUT_RETURN_TYPE = YES_ERROR;
				GCC_WARN_UNDECLARED_SELECTOR = YES;
				GCC_WARN_UNINITIALIZED_AUTOS = YES_AGGRESSIVE;
				GCC_WARN_UNUSED_FUNCTION = YES;
				GCC_WARN_UNUSED_VARIABLE = YES;
				MTL_ENABLE_DEBUG_INFO = INCLUDE_SOURCE;
				MTL_FAST_MATH = YES;
				ONLY_ACTIVE_ARCH = YES;
				SDKROOT = iphoneos;
				SWIFT_ACTIVE_COMPILATION_CONDITIONS = DEBUG;
				SWIFT_OPTIMIZATION_LEVEL = "-Onone";
			};
			name = Debug;
		};
		1A2B3C4D5E6F79A0 /* Release */ = {
			isa = XCBuildConfiguration;
			buildSettings = {
				ALWAYS_SEARCH_USER_PATHS = NO;
				CLANG_ANALYZER_NONNULL = YES;
				CLANG_ANALYZER_NUMBER_OBJECT_CONVERSION = YES_AGGRESSIVE;
				CLANG_CXX_LANGUAGE_STANDARD = "gnu++20";
				CLANG_CXX_LIBRARY = "libc++";
				CLANG_ENABLE_MODULES = YES;
				CLANG_ENABLE_OBJC_ARC = YES;
				CLANG_ENABLE_OBJC_WEAK = YES;
				CLANG_WARN_BLOCK_CAPTURE_AUTORELEASING = YES;
				CLANG_WARN_BOOL_CONVERSION = YES;
				CLANG_WARN_COMMA = YES;
				CLANG_WARN_CONSTANT_CONVERSION = YES;
				CLANG_WARN_DEPRECATED_OBJC_IMPLEMENTATIONS = YES;
				CLANG_WARN_DIRECT_OBJC_ISA_USAGE = YES_ERROR;
				CLANG_WARN_DOCUMENTATION_COMMENTS = YES;
				CLANG_WARN_EMPTY_BODY = YES;
				CLANG_WARN_ENUM_CONVERSION = YES;
				CLANG_WARN_INFINITE_RECURSION = YES;
				CLANG_WARN_INT_CONVERSION = YES;
				CLANG_WARN_NON_LITERAL_NULL_CONVERSION = YES;
				CLANG_WARN_OBJC_IMPLICIT_RETAIN_SELF = YES;
				CLANG_WARN_OBJC_LITERAL_CONVERSION = YES;
				CLANG_WARN_OBJC_ROOT_CLASS = YES_ERROR;
				CLANG_WARN_QUOTED_INCLUDE_IN_FRAMEWORK_HEADER = YES;
				CLANG_WARN_RANGE_LOOP_ANALYSIS = YES;
				CLANG_WARN_STRICT_PROTOTYPES = YES;
				CLANG_WARN_SUSPICIOUS_MOVE = YES;
				CLANG_WARN_UNGUARDED_AVAILABILITY = YES_AGGRESSIVE;
				CLANG_WARN_UNREACHABLE_CODE = YES;
				CLANG_WARN__DUPLICATE_METHOD_MATCH = YES;
				COPY_PHASE_STRIP = YES;
				DEAD_CODE_STRIPPING = YES;
				DEBUG_INFORMATION_FORMAT = "dwarf-with-dsym";
				ENABLE_NS_ASSERTIONS = NO;
				ENABLE_STRICT_OBJC_MSGSEND = YES;
				GCC_C_LANGUAGE_STANDARD = gnu11;
				GCC_NO_COMMON_BLOCKS = YES;
				GCC_WARN_64_TO_32_BIT_CONVERSION = YES;
				GCC_WARN_ABOUT_RETURN_TYPE = YES_ERROR;
				GCC_WARN_UNDECLARED_SELECTOR = YES;
				GCC_WARN_UNINITIALIZED_AUTOS = YES_AGGRESSIVE;
				GCC_WARN_UNUSED_FUNCTION = YES;
				GCC_WARN_UNUSED_VARIABLE = YES;
				MTL_ENABLE_DEBUG_INFO = NO;
				MTL_FAST_MATH = YES;
				SDKROOT = iphoneos;
				SWIFT_COMPILATION_MODE = wholemodule;
				SWIFT_OPTIMIZATION_LEVEL = "-O";
				VALIDATE_PRODUCT = YES;
			};
			name = Release;
		};
		1A2B3C4D5E6F79B0 /* Debug */ = {
			isa = XCBuildConfiguration;
			buildSettings = {
				ASSETCATALOG_COMPILER_APPICON_NAME = AppIcon;
				ASSETCATALOG_COMPILER_GLOBAL_ACCENT_COLOR_NAME = AccentColor;
				CODE_SIGN_STYLE = Automatic;
				CURRENT_PROJECT_VERSION = 1;
				DEVELOPMENT_ASSET_PATHS = "\"BookshelfScanner/Preview Content\"";
				ENABLE_PREVIEWS = YES;
				GENERATE_INFOPLIST_FILE = NO;
				INFOPLIST_FILE = Resources/Info.plist;
				INFOPLIST_KEY_CFBundleDisplayName = BookshelfScanner;
				INFOPLIST_KEY_LSApplicationCategoryType = "public.app-category.productivity";
				INFOPLIST_KEY_NSCameraUsageDescription = "This app needs camera access to scan bookshelves";
				INFOPLIST_KEY_NSPhotoLibraryUsageDescription = "This app needs photo library access to save book cover images";
				IPHONEOS_DEPLOYMENT_TARGET = 15.0;
				LD_RUNPATH_SEARCH_PATHS = (
					"$(inherited)",
					"@executable_path/Frameworks",
				);
				MARKETING_VERSION = 1.0;
				PRODUCT_BUNDLE_IDENTIFIER = com.bookshelfscanner.ios;
				PRODUCT_NAME = "$(TARGET_NAME)";
				SUPPORTED_PLATFORMS = "iphoneos iphonesimulator";
				SUPPORTS_MACCATALYST = NO;
				SUPPORTS_MAC_DESIGNED_FOR_IPHONE_IPAD = NO;
				SUPPORTS_XR_DESIGNED_FOR_IPHONE_IPAD = NO;
				SWIFT_EMIT_LOC_STRINGS = YES;
				SWIFT_VERSION = 5.0;
				TARGETED_DEVICE_FAMILY = 1;
			};
			name = Debug;
		};
		1A2B3C4D5E6F79C0 /* Release */ = {
			isa = XCBuildConfiguration;
			buildSettings = {
				ASSETCATALOG_COMPILER_APPICON_NAME = AppIcon;
				ASSETCATALOG_COMPILER_GLOBAL_ACCENT_COLOR_NAME = AccentColor;
				CODE_SIGN_STYLE = Automatic;
				CURRENT_PROJECT_VERSION = 1;
				DEVELOPMENT_ASSET_PATHS = "\"BookshelfScanner/Preview Content\"";
				ENABLE_PREVIEWS = YES;
				GENERATE_INFOPLIST_FILE = NO;
				INFOPLIST_FILE = Resources/Info.plist;
				INFOPLIST_KEY_CFBundleDisplayName = BookshelfScanner;
				INFOPLIST_KEY_LSApplicationCategoryType = "public.app-category.productivity";
				INFOPLIST_KEY_NSCameraUsageDescription = "This app needs camera access to scan bookshelves";
				INFOPLIST_KEY_NSPhotoLibraryUsageDescription = "This app needs photo library access to save book cover images";
				IPHONEOS_DEPLOYMENT_TARGET = 15.0;
				LD_RUNPATH_SEARCH_PATHS = (
					"$(inherited)",
					"@executable_path/Frameworks",
				);
				MARKETING_VERSION = 1.0;
				PRODUCT_BUNDLE_IDENTIFIER = com.bookshelfscanner.ios;
				PRODUCT_NAME = "$(TARGET_NAME)";
				SUPPORTED_PLATFORMS = "iphoneos iphonesimulator";
				SUPPORTS_MACCATALYST = NO;
				SUPPORTS_MAC_DESIGNED_FOR_IPHONE_IPAD = NO;
				SUPPORTS_XR_DESIGNED_FOR_IPHONE_IPAD = NO;
				SWIFT_EMIT_LOC_STRINGS = YES;
				SWIFT_VERSION = 5.0;
				TARGETED_DEVICE_FAMILY = 1;
			};
			name = Release;
		};
/* End XCBuildConfiguration section */

/* Begin XCConfigurationList section */
		1A2B3C4D5E6F7930 /* Build configuration list for PBXNativeTarget "BookshelfScanner" */ = {
			isa = XCConfigurationList;
			buildConfigurations = (
				1A2B3C4D5E6F79B0 /* Debug */,
				1A2B3C4D5E6F79C0 /* Release */,
			);
			defaultConfigurationIsVisible = 0;
			defaultConfigurationName = Release;
		};
		1A2B3C4D5E6F7980 /* Build configuration list for PBXProject "BookshelfScanner" */ = {
			isa = XCConfigurationList;
			buildConfigurations = (
				1A2B3C4D5E6F7990 /* Debug */,
				1A2B3C4D5E6F79A0 /* Release */,
			);
			defaultConfigurationIsVisible = 0;
			defaultConfigurationName = Release;
		};
/* End XCConfigurationList section */
	};
	rootObject = 1A2B3C4D5E6F7970 /* Project object */;
}